
Microsoft Visual Studio Solution File, Format Version 12.00
# Visual Studio Version 17
VisualStudioVersion = 17.7.34024.191
MinimumVisualStudioVersion = 10.0.40219.1
Project("{9A19103F-16F7-4668-BE54-9A1E7A4F7556}") = "Assignment-3-Kemp&Sumit", "Assignment-3-Kemp&Sumit\Assignment-3-Kemp&Sumit.csproj", "{7B72355D-61F2-4988-92FD-56721F111064}"
EndProject
Global
	GlobalSection(SolutionConfigurationPlatforms) = preSolution
		Debug|Any CPU = Debug|Any CPU
		Release|Any CPU = Release|Any CPU
	EndGlobalSection
	GlobalSection(ProjectConfigurationPlatforms) = postSolution
		{7B72355D-61F2-4988-92FD-56721F111064}.Debug|Any CPU.ActiveCfg = Debug|Any CPU
		{7B72355D-61F2-4988-92FD-56721F111064}.Debug|Any CPU.Build.0 = Debug|Any CPU
		{7B72355D-61F2-4988-92FD-56721F111064}.Release|Any CPU.ActiveCfg = Release|Any CPU
		{7B72355D-61F2-4988-92FD-56721F111064}.Release|Any CPU.Build.0 = Release|Any CPU
	EndGlobalSection
	GlobalSection(SolutionProperties) = preSolution
		HideSolutionNode = FALSE
	EndGlobalSection
	GlobalSection(ExtensibilityGlobals) = postSolution
		SolutionGuid = {E0698AB8-A59C-4C15-AF48-C1E9AA8712CB}
	EndGlobalSection
EndGlobal
